
Microsoft Visual Studio Solution File, Format Version 12.00
# Visual Studio Version 17
VisualStudioVersion = 17.11.35208.52
MinimumVisualStudioVersion = 10.0.40219.1
Project("{FAE04EC0-301F-11D3-BF4B-00C04F79EFBC}") = "Orinium Browser", "Orinium Browser\Orinium Browser.csproj", "{904FFC20-53B8-4C24-A00F-E3D8E2900135}"
EndProject
Global
	GlobalSection(SolutionConfigurationPlatforms) = preSolution
		Debug|Any CPU = Debug|Any CPU
		Release|Any CPU = Release|Any CPU
	EndGlobalSection
	GlobalSection(ProjectConfigurationPlatforms) = postSolution
		{904FFC20-53B8-4C24-A00F-E3D8E2900135}.Debug|Any CPU.ActiveCfg = Debug|Any CPU
		{904FFC20-53B8-4C24-A00F-E3D8E2900135}.Debug|Any CPU.Build.0 = Debug|Any CPU
		{904FFC20-53B8-4C24-A00F-E3D8E2900135}.Release|Any CPU.ActiveCfg = Release|Any CPU
		{904FFC20-53B8-4C24-A00F-E3D8E2900135}.Release|Any CPU.Build.0 = Release|Any CPU
	EndGlobalSection
	GlobalSection(SolutionProperties) = preSolution
		HideSolutionNode = FALSE
	EndGlobalSection
	GlobalSection(ExtensibilityGlobals) = postSolution
		SolutionGuid = {02028E1B-50E0-4514-9D96-49DD22626F21}
	EndGlobalSection
EndGlobal
